// !$*UTF8*$!
{
	archiveVersion = 1;
	classes = {
	};
	objectVersion = 48;
	objects = {

/* Begin PBXBuildFile section */
		D4A398621FFAEAFE00154B0A /* AppDelegate.swift in Sources */ = {isa = PBXBuildFile; fileRef = D4A398611FFAEAFE00154B0A /* AppDelegate.swift */; };
		D4A398641FFAEAFE00154B0A /* ViewController.swift in Sources */ = {isa = PBXBuildFile; fileRef = D4A398631FFAEAFE00154B0A /* ViewController.swift */; };
		D4A398671FFAEAFE00154B0A /* Main.storyboard in Resources */ = {isa = PBXBuildFile; fileRef = D4A398651FFAEAFE00154B0A /* Main.storyboard */; };
		D4A398691FFAEAFE00154B0A /* Assets.xcassets in Resources */ = {isa = PBXBuildFile; fileRef = D4A398681FFAEAFE00154B0A /* Assets.xcassets */; };
		D4A3986C1FFAEAFE00154B0A /* LaunchScreen.storyboard in Resources */ = {isa = PBXBuildFile; fileRef = D4A3986A1FFAEAFE00154B0A /* LaunchScreen.storyboard */; };
		D4A398771FFAEAFE00154B0A /* WeightLossTests.swift in Sources */ = {isa = PBXBuildFile; fileRef = D4A398761FFAEAFE00154B0A /* WeightLossTests.swift */; };
		D4A398821FFAEAFE00154B0A /* WeightLossUITests.swift in Sources */ = {isa = PBXBuildFile; fileRef = D4A398811FFAEAFE00154B0A /* WeightLossUITests.swift */; };
/* End PBXBuildFile section */

/* Begin PBXContainerItemProxy section */
		D4A398731FFAEAFE00154B0A /* PBXContainerItemProxy */ = {
			isa = PBXContainerItemProxy;
			containerPortal = D4A398561FFAEAFE00154B0A /* Project object */;
			proxyType = 1;
			remoteGlobalIDString = D4A3985D1FFAEAFE00154B0A;
			remoteInfo = WeightLoss;
		};
		D4A3987E1FFAEAFE00154B0A /* PBXContainerItemProxy */ = {
			isa = PBXContainerItemProxy;
			containerPortal = D4A398561FFAEAFE00154B0A /* Project object */;
			proxyType = 1;
			remoteGlobalIDString = D4A3985D1FFAEAFE00154B0A;
			remoteInfo = WeightLoss;
		};
/* End PBXContainerItemProxy section */

/* Begin PBXFileReference section */
		D4A3985E1FFAEAFE00154B0A /* WeightLoss.app */ = {isa = PBXFileReference; explicitFileType = wrapper.application; includeInIndex = 0; path = WeightLoss.app; sourceTree = BUILT_PRODUCTS_DIR; };
		D4A398611FFAEAFE00154B0A /* AppDelegate.swift */ = {isa = PBXFileReference; lastKnownFileType = sourcecode.swift; path = AppDelegate.swift; sourceTree = "<group>"; };
		D4A398631FFAEAFE00154B0A /* ViewController.swift */ = {isa = PBXFileReference; lastKnownFileType = sourcecode.swift; path = ViewController.swift; sourceTree = "<group>"; };
		D4A398661FFAEAFE00154B0A /* Base */ = {isa = PBXFileReference; lastKnownFileType = file.storyboard; name = Base; path = Base.lproj/Main.storyboard; sourceTree = "<group>"; };
		D4A398681FFAEAFE00154B0A /* Assets.xcassets */ = {isa = PBXFileReference; lastKnownFileType = folder.assetcatalog; path = Assets.xcassets; sourceTree = "<group>"; };
		D4A3986B1FFAEAFE00154B0A /* Base */ = {isa = PBXFileReference; lastKnownFileType = file.storyboard; name = Base; path = Base.lproj/LaunchScreen.storyboard; sourceTree = "<group>"; };
		D4A3986D1FFAEAFE00154B0A /* Info.plist */ = {isa = PBXFileReference; lastKnownFileType = text.plist.xml; path = Info.plist; sourceTree = "<group>"; };
		D4A398721FFAEAFE00154B0A /* WeightLossTests.xctest */ = {isa = PBXFileReference; explicitFileType = wrapper.cfbundle; includeInIndex = 0; path = WeightLossTests.xctest; sourceTree = BUILT_PRODUCTS_DIR; };
		D4A398761FFAEAFE00154B0A /* WeightLossTests.swift */ = {isa = PBXFileReference; lastKnownFileType = sourcecode.swift; path = WeightLossTests.swift; sourceTree = "<group>"; };
		D4A398781FFAEAFE00154B0A /* Info.plist */ = {isa = PBXFileReference; lastKnownFileType = text.plist.xml; path = Info.plist; sourceTree = "<group>"; };
		D4A3987D1FFAEAFE00154B0A /* WeightLossUITests.xctest */ = {isa = PBXFileReference; explicitFileType = wrapper.cfbundle; includeInIndex = 0; path = WeightLossUITests.xctest; sourceTree = BUILT_PRODUCTS_DIR; };
		D4A398811FFAEAFE00154B0A /* WeightLossUITests.swift */ = {isa = PBXFileReference; lastKnownFileType = sourcecode.swift; path = WeightLossUITests.swift; sourceTree = "<group>"; };
		D4A398831FFAEAFE00154B0A /* Info.plist */ = {isa = PBXFileReference; lastKnownFileType = text.plist.xml; path = Info.plist; sourceTree = "<group>"; };
/* End PBXFileReference section */

/* Begin PBXFrameworksBuildPhase section */
		D4A3985B1FFAEAFE00154B0A /* Frameworks */ = {
			isa = PBXFrameworksBuildPhase;
			buildActionMask = 2147483647;
			files = (
			);
			runOnlyForDeploymentPostprocessing = 0;
		};
		D4A3986F1FFAEAFE00154B0A /* Frameworks */ = {
			isa = PBXFrameworksBuildPhase;
			buildActionMask = 2147483647;
			files = (
			);
			runOnlyForDeploymentPostprocessing = 0;
		};
		D4A3987A1FFAEAFE00154B0A /* Frameworks */ = {
			isa = PBXFrameworksBuildPhase;
			buildActionMask = 2147483647;
			files = (
			);
			runOnlyForDeploymentPostprocessing = 0;
		};
/* End PBXFrameworksBuildPhase section */

/* Begin PBXGroup section */
		D4A398551FFAEAFE00154B0A = {
			isa = PBXGroup;
			children = (
				D4A398601FFAEAFE00154B0A /* WeightLoss */,
				D4A398751FFAEAFE00154B0A /* WeightLossTests */,
				D4A398801FFAEAFE00154B0A /* WeightLossUITests */,
				D4A3985F1FFAEAFE00154B0A /* Products */,
			);
			sourceTree = "<group>";
		};
		D4A3985F1FFAEAFE00154B0A /* Products */ = {
			isa = PBXGroup;
			children = (
				D4A3985E1FFAEAFE00154B0A /* WeightLoss.app */,
				D4A398721FFAEAFE00154B0A /* WeightLossTests.xctest */,
				D4A3987D1FFAEAFE00154B0A /* WeightLossUITests.xctest */,
			);
			name = Products;
			sourceTree = "<group>";
		};
		D4A398601FFAEAFE00154B0A /* WeightLoss */ = {
			isa = PBXGroup;
			children = (
				D4A398611FFAEAFE00154B0A /* AppDelegate.swift */,
				D4A398631FFAEAFE00154B0A /* ViewController.swift */,
				D4A398651FFAEAFE00154B0A /* Main.storyboard */,
				D4A398681FFAEAFE00154B0A /* Assets.xcassets */,
				D4A3986A1FFAEAFE00154B0A /* LaunchScreen.storyboard */,
				D4A3986D1FFAEAFE00154B0A /* Info.plist */,
			);
			path = WeightLoss;
			sourceTree = "<group>";
		};
		D4A398751FFAEAFE00154B0A /* WeightLossTests */ = {
			isa = PBXGroup;
			children = (
				D4A398761FFAEAFE00154B0A /* WeightLossTests.swift */,
				D4A398781FFAEAFE00154B0A /* Info.plist */,
			);
			path = WeightLossTests;
			sourceTree = "<group>";
		};
		D4A398801FFAEAFE00154B0A /* WeightLossUITests */ = {
			isa = PBXGroup;
			children = (
				D4A398811FFAEAFE00154B0A /* WeightLossUITests.swift */,
				D4A398831FFAEAFE00154B0A /* Info.plist */,
			);
			path = WeightLossUITests;
			sourceTree = "<group>";
		};
/* End PBXGroup section */

/* Begin PBXNativeTarget section */
		D4A3985D1FFAEAFE00154B0A /* WeightLoss */ = {
			isa = PBXNativeTarget;
			buildConfigurationList = D4A398861FFAEAFE00154B0A /* Build configuration list for PBXNativeTarget "WeightLoss" */;
			buildPhases = (
				D4A3985A1FFAEAFE00154B0A /* Sources */,
				D4A3985B1FFAEAFE00154B0A /* Frameworks */,
				D4A3985C1FFAEAFE00154B0A /* Resources */,
			);
			buildRules = (
			);
			dependencies = (
			);
			name = WeightLoss;
			productName = WeightLoss;
			productReference = D4A3985E1FFAEAFE00154B0A /* WeightLoss.app */;
			productType = "com.apple.product-type.application";
		};
		D4A398711FFAEAFE00154B0A /* WeightLossTests */ = {
			isa = PBXNativeTarget;
			buildConfigurationList = D4A398891FFAEAFE00154B0A /* Build configuration list for PBXNativeTarget "WeightLossTests" */;
			buildPhases = (
				D4A3986E1FFAEAFE00154B0A /* Sources */,
				D4A3986F1FFAEAFE00154B0A /* Frameworks */,
				D4A398701FFAEAFE00154B0A /* Resources */,
			);
			buildRules = (
			);
			dependencies = (
				D4A398741FFAEAFE00154B0A /* PBXTargetDependency */,
			);
			name = WeightLossTests;
			productName = WeightLossTests;
			productReference = D4A398721FFAEAFE00154B0A /* WeightLossTests.xctest */;
			productType = "com.apple.product-type.bundle.unit-test";
		};
		D4A3987C1FFAEAFE00154B0A /* WeightLossUITests */ = {
			isa = PBXNativeTarget;
			buildConfigurationList = D4A3988C1FFAEAFE00154B0A /* Build configuration list for PBXNativeTarget "WeightLossUITests" */;
			buildPhases = (
				D4A398791FFAEAFE00154B0A /* Sources */,
				D4A3987A1FFAEAFE00154B0A /* Frameworks */,
				D4A3987B1FFAEAFE00154B0A /* Resources */,
			);
			buildRules = (
			);
			dependencies = (
				D4A3987F1FFAEAFE00154B0A /* PBXTargetDependency */,
			);
			name = WeightLossUITests;
			productName = WeightLossUITests;
			productReference = D4A3987D1FFAEAFE00154B0A /* WeightLossUITests.xctest */;
			productType = "com.apple.product-type.bundle.ui-testing";
		};
/* End PBXNativeTarget section */

/* Begin PBXProject section */
		D4A398561FFAEAFE00154B0A /* Project object */ = {
			isa = PBXProject;
			attributes = {
				LastSwiftUpdateCheck = 0920;
				LastUpgradeCheck = 0920;
				ORGANIZATIONNAME = "Dhriti Chawla";
				TargetAttributes = {
					D4A3985D1FFAEAFE00154B0A = {
						CreatedOnToolsVersion = 9.2;
						ProvisioningStyle = Automatic;
					};
					D4A398711FFAEAFE00154B0A = {
						CreatedOnToolsVersion = 9.2;
						ProvisioningStyle = Automatic;
						TestTargetID = D4A3985D1FFAEAFE00154B0A;
					};
					D4A3987C1FFAEAFE00154B0A = {
						CreatedOnToolsVersion = 9.2;
						ProvisioningStyle = Automatic;
						TestTargetID = D4A3985D1FFAEAFE00154B0A;
					};
				};
			};
			buildConfigurationList = D4A398591FFAEAFE00154B0A /* Build configuration list for PBXProject "WeightLoss" */;
			compatibilityVersion = "Xcode 8.0";
			developmentRegion = en;
			hasScannedForEncodings = 0;
			knownRegions = (
				en,
				Base,
			);
			mainGroup = D4A398551FFAEAFE00154B0A;
			productRefGroup = D4A3985F1FFAEAFE00154B0A /* Products */;
			projectDirPath = "";
			projectRoot = "";
			targets = (
				D4A3985D1FFAEAFE00154B0A /* WeightLoss */,
				D4A398711FFAEAFE00154B0A /* WeightLossTests */,
				D4A3987C1FFAEAFE00154B0A /* WeightLossUITests */,
			);
		};
/* End PBXProject section */

/* Begin PBXResourcesBuildPhase section */
		D4A3985C1FFAEAFE00154B0A /* Resources */ = {
			isa = PBXResourcesBuildPhase;
			buildActionMask = 2147483647;
			files = (
				D4A3986C1FFAEAFE00154B0A /* LaunchScreen.storyboard in Resources */,
				D4A398691FFAEAFE00154B0A /* Assets.xcassets in Resources */,
				D4A398671FFAEAFE00154B0A /* Main.storyboard in Resources */,
			);
			runOnlyForDeploymentPostprocessing = 0;
		};
		D4A398701FFAEAFE00154B0A /* Resources */ = {
			isa = PBXResourcesBuildPhase;
			buildActionMask = 2147483647;
			files = (
			);
			runOnlyForDeploymentPostprocessing = 0;
		};
		D4A3987B1FFAEAFE00154B0A /* Resources */ = {
			isa = PBXResourcesBuildPhase;
			buildActionMask = 2147483647;
			files = (
			);
			runOnlyForDeploymentPostprocessing = 0;
		};
/* End PBXResourcesBuildPhase section */

/* Begin PBXSourcesBuildPhase section */
		D4A3985A1FFAEAFE00154B0A /* Sources */ = {
			isa = PBXSourcesBuildPhase;
			buildActionMask = 2147483647;
			files = (
				D4A398641FFAEAFE00154B0A /* ViewController.swift in Sources */,
				D4A398621FFAEAFE00154B0A /* AppDelegate.swift in Sources */,
			);
			runOnlyForDeploymentPostprocessing = 0;
		};
		D4A3986E1FFAEAFE00154B0A /* Sources */ = {
			isa = PBXSourcesBuildPhase;
			buildActionMask = 2147483647;
			files = (
				D4A398771FFAEAFE00154B0A /* WeightLossTests.swift in Sources */,
			);
			runOnlyForDeploymentPostprocessing = 0;
		};
		D4A398791FFAEAFE00154B0A /* Sources */ = {
			isa = PBXSourcesBuildPhase;
			buildActionMask = 2147483647;
			files = (
				D4A398821FFAEAFE00154B0A /* WeightLossUITests.swift in Sources */,
			);
			runOnlyForDeploymentPostprocessing = 0;
		};
/* End PBXSourcesBuildPhase section */

/* Begin PBXTargetDependency section */
		D4A398741FFAEAFE00154B0A /* PBXTargetDependency */ = {
			isa = PBXTargetDependency;
			target = D4A3985D1FFAEAFE00154B0A /* WeightLoss */;
			targetProxy = D4A398731FFAEAFE00154B0A /* PBXContainerItemProxy */;
		};
		D4A3987F1FFAEAFE00154B0A /* PBXTargetDependency */ = {
			isa = PBXTargetDependency;
			target = D4A3985D1FFAEAFE00154B0A /* WeightLoss */;
			targetProxy = D4A3987E1FFAEAFE00154B0A /* PBXContainerItemProxy */;
		};
/* End PBXTargetDependency section */

/* Begin PBXVariantGroup section */
		D4A398651FFAEAFE00154B0A /* Main.storyboard */ = {
			isa = PBXVariantGroup;
			children = (
				D4A398661FFAEAFE00154B0A /* Base */,
			);
			name = Main.storyboard;
			sourceTree = "<group>";
		};
		D4A3986A1FFAEAFE00154B0A /* LaunchScreen.storyboard */ = {
			isa = PBXVariantGroup;
			children = (
				D4A3986B1FFAEAFE00154B0A /* Base */,
			);
			name = LaunchScreen.storyboard;
			sourceTree = "<group>";
		};
/* End PBXVariantGroup section */

/* Begin XCBuildConfiguration section */
		D4A398841FFAEAFE00154B0A /* Debug */ = {
			isa = XCBuildConfiguration;
			buildSettings = {
				ALWAYS_SEARCH_USER_PATHS = NO;
				CLANG_ANALYZER_NONNULL = YES;
				CLANG_ANALYZER_NUMBER_OBJECT_CONVERSION = YES_AGGRESSIVE;
				CLANG_CXX_LANGUAGE_STANDARD = "gnu++14";
				CLANG_CXX_LIBRARY = "libc++";
				CLANG_ENABLE_MODULES = YES;
				CLANG_ENABLE_OBJC_ARC = YES;
				CLANG_WARN_BLOCK_CAPTURE_AUTORELEASING = YES;
				CLANG_WARN_BOOL_CONVERSION = YES;
				CLANG_WARN_COMMA = YES;
				CLANG_WARN_CONSTANT_CONVERSION = YES;
				CLANG_WARN_DIRECT_OBJC_ISA_USAGE = YES_ERROR;
				CLANG_WARN_DOCUMENTATION_COMMENTS = YES;
				CLANG_WARN_EMPTY_BODY = YES;
				CLANG_WARN_ENUM_CONVERSION = YES;
				CLANG_WARN_INFINITE_RECURSION = YES;
				CLANG_WARN_INT_CONVERSION = YES;
				CLANG_WARN_NON_LITERAL_NULL_CONVERSION = YES;
				CLANG_WARN_OBJC_LITERAL_CONVERSION = YES;
				CLANG_WARN_OBJC_ROOT_CLASS = YES_ERROR;
				CLANG_WARN_RANGE_LOOP_ANALYSIS = YES;
				CLANG_WARN_STRICT_PROTOTYPES = YES;
				CLANG_WARN_SUSPICIOUS_MOVE = YES;
				CLANG_WARN_UNGUARDED_AVAILABILITY = YES_AGGRESSIVE;
				CLANG_WARN_UNREACHABLE_CODE = YES;
				CLANG_WARN__DUPLICATE_METHOD_MATCH = YES;
				CODE_SIGN_IDENTITY = "iPhone Developer";
				COPY_PHASE_STRIP = NO;
				DEBUG_INFORMATION_FORMAT = dwarf;
				ENABLE_STRICT_OBJC_MSGSEND = YES;
				ENABLE_TESTABILITY = YES;
				GCC_C_LANGUAGE_STANDARD = gnu11;
				GCC_DYNAMIC_NO_PIC = NO;
				GCC_NO_COMMON_BLOCKS = YES;
				GCC_OPTIMIZATION_LEVEL = 0;
				GCC_PREPROCESSOR_DEFINITIONS = (
					"DEBUG=1",
					"$(inherited)",
				);
				GCC_WARN_64_TO_32_BIT_CONVERSION = YES;
				GCC_WARN_ABOUT_RETURN_TYPE = YES_ERROR;
				GCC_WARN_UNDECLARED_SELECTOR = YES;
				GCC_WARN_UNINITIALIZED_AUTOS = YES_AGGRESSIVE;
				GCC_WARN_UNUSED_FUNCTION = YES;
				GCC_WARN_UNUSED_VARIABLE = YES;
				IPHONEOS_DEPLOYMENT_TARGET = 11.2;
				MTL_ENABLE_DEBUG_INFO = YES;
				ONLY_ACTIVE_ARCH = YES;
				SDKROOT = iphoneos;
				SWIFT_ACTIVE_COMPILATION_CONDITIONS = DEBUG;
				SWIFT_OPTIMIZATION_LEVEL = "-Onone";
			};
			name = Debug;
		};
		D4A398851FFAEAFE00154B0A /* Release */ = {
			isa = XCBuildConfiguration;
			buildSettings = {
				ALWAYS_SEARCH_USER_PATHS = NO;
				CLANG_ANALYZER_NONNULL = YES;
				CLANG_ANALYZER_NUMBER_OBJECT_CONVERSION = YES_AGGRESSIVE;
				CLANG_CXX_LANGUAGE_STANDARD = "gnu++14";
				CLANG_CXX_LIBRARY = "libc++";
				CLANG_ENABLE_MODULES = YES;
				CLANG_ENABLE_OBJC_ARC = YES;
				CLANG_WARN_BLOCK_CAPTURE_AUTORELEASING = YES;
				CLANG_WARN_BOOL_CONVERSION = YES;
				CLANG_WARN_COMMA = YES;
				CLANG_WARN_CONSTANT_CONVERSION = YES;
				CLANG_WARN_DIRECT_OBJC_ISA_USAGE = YES_ERROR;
				CLANG_WARN_DOCUMENTATION_COMMENTS = YES;
				CLANG_WARN_EMPTY_BODY = YES;
				CLANG_WARN_ENUM_CONVERSION = YES;
				CLANG_WARN_INFINITE_RECURSION = YES;
				CLANG_WARN_INT_CONVERSION = YES;
				CLANG_WARN_NON_LITERAL_NULL_CONVERSION = YES;
				CLANG_WARN_OBJC_LITERAL_CONVERSION = YES;
				CLANG_WARN_OBJC_ROOT_CLASS = YES_ERROR;
				CLANG_WARN_RANGE_LOOP_ANALYSIS = YES;
				CLANG_WARN_STRICT_PROTOTYPES = YES;
				CLANG_WARN_SUSPICIOUS_MOVE = YES;
				CLANG_WARN_UNGUARDED_AVAILABILITY = YES_AGGRESSIVE;
				CLANG_WARN_UNREACHABLE_CODE = YES;
				CLANG_WARN__DUPLICATE_METHOD_MATCH = YES;
				CODE_SIGN_IDENTITY = "iPhone Developer";
				COPY_PHASE_STRIP = NO;
				DEBUG_INFORMATION_FORMAT = "dwarf-with-dsym";
				ENABLE_NS_ASSERTIONS = NO;
				ENABLE_STRICT_OBJC_MSGSEND = YES;
				GCC_C_LANGUAGE_STANDARD = gnu11;
				GCC_NO_COMMON_BLOCKS = YES;
				GCC_WARN_64_TO_32_BIT_CONVERSION = YES;
				GCC_WARN_ABOUT_RETURN_TYPE = YES_ERROR;
				GCC_WARN_UNDECLARED_SELECTOR = YES;
				GCC_WARN_UNINITIALIZED_AUTOS = YES_AGGRESSIVE;
				GCC_WARN_UNUSED_FUNCTION = YES;
				GCC_WARN_UNUSED_VARIABLE = YES;
				IPHONEOS_DEPLOYMENT_TARGET = 11.2;
				MTL_ENABLE_DEBUG_INFO = NO;
				SDKROOT = iphoneos;
				SWIFT_OPTIMIZATION_LEVEL = "-Owholemodule";
				VALIDATE_PRODUCT = YES;
			};
			name = Release;
		};
		D4A398871FFAEAFE00154B0A /* Debug */ = {
			isa = XCBuildConfiguration;
			buildSettings = {
				ASSETCATALOG_COMPILER_APPICON_NAME = AppIcon;
				CODE_SIGN_STYLE = Automatic;
				DEVELOPMENT_TEAM = RU9G4KDFF4;
				INFOPLIST_FILE = WeightLoss/Info.plist;
				LD_RUNPATH_SEARCH_PATHS = "$(inherited) @executable_path/Frameworks";
				PRODUCT_BUNDLE_IDENTIFIER = com.dhriti.WeightLoss;
				PRODUCT_NAME = "$(TARGET_NAME)";
				SWIFT_VERSION = 4.0;
				TARGETED_DEVICE_FAMILY = "1,2";
			};
			name = Debug;
		};
		D4A398881FFAEAFE00154B0A /* Release */ = {
			isa = XCBuildConfiguration;
			buildSettings = {
				ASSETCATALOG_COMPILER_APPICON_NAME = AppIcon;
				CODE_SIGN_STYLE = Automatic;
				DEVELOPMENT_TEAM = RU9G4KDFF4;
				INFOPLIST_FILE = WeightLoss/Info.plist;
				LD_RUNPATH_SEARCH_PATHS = "$(inherited) @executable_path/Frameworks";
				PRODUCT_BUNDLE_IDENTIFIER = com.dhriti.WeightLoss;
				PRODUCT_NAME = "$(TARGET_NAME)";
				SWIFT_VERSION = 4.0;
				TARGETED_DEVICE_FAMILY = "1,2";
			};
			name = Release;
		};
		D4A3988A1FFAEAFE00154B0A /* Debug */ = {
			isa = XCBuildConfiguration;
			buildSettings = {
				ALWAYS_EMBED_SWIFT_STANDARD_LIBRARIES = YES;
				BUNDLE_LOADER = "$(TEST_HOST)";
				CODE_SIGN_STYLE = Automatic;
				INFOPLIST_FILE = WeightLossTests/Info.plist;
				LD_RUNPATH_SEARCH_PATHS = "$(inherited) @executable_path/Frameworks @loader_path/Frameworks";
				PRODUCT_BUNDLE_IDENTIFIER = com.dhriti.WeightLossTests;
				PRODUCT_NAME = "$(TARGET_NAME)";
				SWIFT_VERSION = 4.0;
				TARGETED_DEVICE_FAMILY = "1,2";
				TEST_HOST = "$(BUILT_PRODUCTS_DIR)/WeightLoss.app/WeightLoss";
			};
			name = Debug;
		};
		D4A3988B1FFAEAFE00154B0A /* Release */ = {
			isa = XCBuildConfiguration;
			buildSettings = {
				ALWAYS_EMBED_SWIFT_STANDARD_LIBRARIES = YES;
				BUNDLE_LOADER = "$(TEST_HOST)";
				CODE_SIGN_STYLE = Automatic;
				INFOPLIST_FILE = WeightLossTests/Info.plist;
				LD_RUNPATH_SEARCH_PATHS = "$(inherited) @executable_path/Frameworks @loader_path/Frameworks";
				PRODUCT_BUNDLE_IDENTIFIER = com.dhriti.WeightLossTests;
				PRODUCT_NAME = "$(TARGET_NAME)";
				SWIFT_VERSION = 4.0;
				TARGETED_DEVICE_FAMILY = "1,2";
				TEST_HOST = "$(BUILT_PRODUCTS_DIR)/WeightLoss.app/WeightLoss";
			};
			name = Release;
		};
		D4A3988D1FFAEAFE00154B0A /* Debug */ = {
			isa = XCBuildConfiguration;
			buildSettings = {
				ALWAYS_EMBED_SWIFT_STANDARD_LIBRARIES = YES;
				CODE_SIGN_STYLE = Automatic;
				INFOPLIST_FILE = WeightLossUITests/Info.plist;
				LD_RUNPATH_SEARCH_PATHS = "$(inherited) @executable_path/Frameworks @loader_path/Frameworks";
				PRODUCT_BUNDLE_IDENTIFIER = com.dhriti.WeightLossUITests;
				PRODUCT_NAME = "$(TARGET_NAME)";
				SWIFT_VERSION = 4.0;
				TARGETED_DEVICE_FAMILY = "1,2";
				TEST_TARGET_NAME = WeightLoss;
			};
			name = Debug;
		};
		D4A3988E1FFAEAFE00154B0A /* Release */ = {
			isa = XCBuildConfiguration;
			buildSettings = {
				ALWAYS_EMBED_SWIFT_STANDARD_LIBRARIES = YES;
				CODE_SIGN_STYLE = Automatic;
				INFOPLIST_FILE = WeightLossUITests/Info.plist;
				LD_RUNPATH_SEARCH_PATHS = "$(inherited) @executable_path/Frameworks @loader_path/Frameworks";
				PRODUCT_BUNDLE_IDENTIFIER = com.dhriti.WeightLossUITests;
				PRODUCT_NAME = "$(TARGET_NAME)";
				SWIFT_VERSION = 4.0;
				TARGETED_DEVICE_FAMILY = "1,2";
				TEST_TARGET_NAME = WeightLoss;
			};
			name = Release;
		};
/* End XCBuildConfiguration section */

/* Begin XCConfigurationList section */
		D4A398591FFAEAFE00154B0A /* Build configuration list for PBXProject "WeightLoss" */ = {
			isa = XCConfigurationList;
			buildConfigurations = (
				D4A398841FFAEAFE00154B0A /* Debug */,
				D4A398851FFAEAFE00154B0A /* Release */,
			);
			defaultConfigurationIsVisible = 0;
			defaultConfigurationName = Release;
		};
		D4A398861FFAEAFE00154B0A /* Build configuration list for PBXNativeTarget "WeightLoss" */ = {
			isa = XCConfigurationList;
			buildConfigurations = (
				D4A398871FFAEAFE00154B0A /* Debug */,
				D4A398881FFAEAFE00154B0A /* Release */,
			);
			defaultConfigurationIsVisible = 0;
			defaultConfigurationName = Release;
		};
		D4A398891FFAEAFE00154B0A /* Build configuration list for PBXNativeTarget "WeightLossTests" */ = {
			isa = XCConfigurationList;
			buildConfigurations = (
				D4A3988A1FFAEAFE00154B0A /* Debug */,
				D4A3988B1FFAEAFE00154B0A /* Release */,
			);
			defaultConfigurationIsVisible = 0;
			defaultConfigurationName = Release;
		};
		D4A3988C1FFAEAFE00154B0A /* Build configuration list for PBXNativeTarget "WeightLossUITests" */ = {
			isa = XCConfigurationList;
			buildConfigurations = (
				D4A3988D1FFAEAFE00154B0A /* Debug */,
				D4A3988E1FFAEAFE00154B0A /* Release */,
			);
			defaultConfigurationIsVisible = 0;
			defaultConfigurationName = Release;
		};
/* End XCConfigurationList section */
	};
	rootObject = D4A398561FFAEAFE00154B0A /* Project object */;
}
